
Microsoft Visual Studio Solution File, Format Version 12.00
# Visual Studio 14
VisualStudioVersion = 14.0.25420.1
MinimumVisualStudioVersion = 10.0.40219.1
Project("{FAE04EC0-301F-11D3-BF4B-00C04F79EFBC}") = "Labo", "..\..\Ecole\3IG\C#\Labo\Labo\Labo.csproj", "{C25DE9AC-75F8-4B0D-9246-FAC8654850BF}"
EndProject
Project("{FAE04EC0-301F-11D3-BF4B-00C04F79EFBC}") = "Labo2", "Labo2\Labo2.csproj", "{7CF4B10E-87AC-48DA-A1F5-5CDA80A56344}"
EndProject
Global
	GlobalSection(SolutionConfigurationPlatforms) = preSolution
		Debug|Any CPU = Debug|Any CPU
		Release|Any CPU = Release|Any CPU
	EndGlobalSection
	GlobalSection(ProjectConfigurationPlatforms) = postSolution
		{C25DE9AC-75F8-4B0D-9246-FAC8654850BF}.Debug|Any CPU.ActiveCfg = Debug|Any CPU
		{C25DE9AC-75F8-4B0D-9246-FAC8654850BF}.Debug|Any CPU.Build.0 = Debug|Any CPU
		{C25DE9AC-75F8-4B0D-9246-FAC8654850BF}.Release|Any CPU.ActiveCfg = Release|Any CPU
		{C25DE9AC-75F8-4B0D-9246-FAC8654850BF}.Release|Any CPU.Build.0 = Release|Any CPU
		{7CF4B10E-87AC-48DA-A1F5-5CDA80A56344}.Debug|Any CPU.ActiveCfg = Debug|Any CPU
		{7CF4B10E-87AC-48DA-A1F5-5CDA80A56344}.Debug|Any CPU.Build.0 = Debug|Any CPU
		{7CF4B10E-87AC-48DA-A1F5-5CDA80A56344}.Release|Any CPU.ActiveCfg = Release|Any CPU
		{7CF4B10E-87AC-48DA-A1F5-5CDA80A56344}.Release|Any CPU.Build.0 = Release|Any CPU
	EndGlobalSection
	GlobalSection(SolutionProperties) = preSolution
		HideSolutionNode = FALSE
	EndGlobalSection
EndGlobal
