
Microsoft Visual Studio Solution File, Format Version 12.00
# Visual Studio 14
VisualStudioVersion = 14.0.25420.1
MinimumVisualStudioVersion = 10.0.40219.1
Project("{FAE04EC0-301F-11D3-BF4B-00C04F79EFBC}") = "Models", "Models\Models.csproj", "{628518A8-80FF-4417-815B-95C868E4AA78}"
EndProject
Project("{FAE04EC0-301F-11D3-BF4B-00C04F79EFBC}") = "UnitTestProject2", "UnitTestProject2\UnitTestProject2.csproj", "{7297720D-A206-4955-BCDF-838E106022D4}"
EndProject
Project("{FAE04EC0-301F-11D3-BF4B-00C04F79EFBC}") = "OkDocAPI", "OkDocAPI\OkDocAPI.csproj", "{3A390B99-B401-47E7-9547-FAA37B313B27}"
EndProject
Global
	GlobalSection(SolutionConfigurationPlatforms) = preSolution
		Debug|Any CPU = Debug|Any CPU
		Debug|ARM = Debug|ARM
		Debug|x64 = Debug|x64
		Debug|x86 = Debug|x86
		Release|Any CPU = Release|Any CPU
		Release|ARM = Release|ARM
		Release|x64 = Release|x64
		Release|x86 = Release|x86
	EndGlobalSection
	GlobalSection(ProjectConfigurationPlatforms) = postSolution
		{628518A8-80FF-4417-815B-95C868E4AA78}.Debug|Any CPU.ActiveCfg = Debug|Any CPU
		{628518A8-80FF-4417-815B-95C868E4AA78}.Debug|Any CPU.Build.0 = Debug|Any CPU
		{628518A8-80FF-4417-815B-95C868E4AA78}.Debug|ARM.ActiveCfg = Debug|Any CPU
		{628518A8-80FF-4417-815B-95C868E4AA78}.Debug|ARM.Build.0 = Debug|Any CPU
		{628518A8-80FF-4417-815B-95C868E4AA78}.Debug|x64.ActiveCfg = Debug|Any CPU
		{628518A8-80FF-4417-815B-95C868E4AA78}.Debug|x64.Build.0 = Debug|Any CPU
		{628518A8-80FF-4417-815B-95C868E4AA78}.Debug|x86.ActiveCfg = Debug|Any CPU
		{628518A8-80FF-4417-815B-95C868E4AA78}.Debug|x86.Build.0 = Debug|Any CPU
		{628518A8-80FF-4417-815B-95C868E4AA78}.Release|Any CPU.ActiveCfg = Release|Any CPU
		{628518A8-80FF-4417-815B-95C868E4AA78}.Release|Any CPU.Build.0 = Release|Any CPU
		{628518A8-80FF-4417-815B-95C868E4AA78}.Release|ARM.ActiveCfg = Release|Any CPU
		{628518A8-80FF-4417-815B-95C868E4AA78}.Release|ARM.Build.0 = Release|Any CPU
		{628518A8-80FF-4417-815B-95C868E4AA78}.Release|x64.ActiveCfg = Release|Any CPU
		{628518A8-80FF-4417-815B-95C868E4AA78}.Release|x64.Build.0 = Release|Any CPU
		{628518A8-80FF-4417-815B-95C868E4AA78}.Release|x86.ActiveCfg = Release|Any CPU
		{628518A8-80FF-4417-815B-95C868E4AA78}.Release|x86.Build.0 = Release|Any CPU
		{7297720D-A206-4955-BCDF-838E106022D4}.Debug|Any CPU.ActiveCfg = Debug|Any CPU
		{7297720D-A206-4955-BCDF-838E106022D4}.Debug|Any CPU.Build.0 = Debug|Any CPU
		{7297720D-A206-4955-BCDF-838E106022D4}.Debug|ARM.ActiveCfg = Debug|Any CPU
		{7297720D-A206-4955-BCDF-838E106022D4}.Debug|ARM.Build.0 = Debug|Any CPU
		{7297720D-A206-4955-BCDF-838E106022D4}.Debug|x64.ActiveCfg = Debug|Any CPU
		{7297720D-A206-4955-BCDF-838E106022D4}.Debug|x64.Build.0 = Debug|Any CPU
		{7297720D-A206-4955-BCDF-838E106022D4}.Debug|x86.ActiveCfg = Debug|Any CPU
		{7297720D-A206-4955-BCDF-838E106022D4}.Debug|x86.Build.0 = Debug|Any CPU
		{7297720D-A206-4955-BCDF-838E106022D4}.Release|Any CPU.ActiveCfg = Release|Any CPU
		{7297720D-A206-4955-BCDF-838E106022D4}.Release|Any CPU.Build.0 = Release|Any CPU
		{7297720D-A206-4955-BCDF-838E106022D4}.Release|ARM.ActiveCfg = Release|Any CPU
		{7297720D-A206-4955-BCDF-838E106022D4}.Release|ARM.Build.0 = Release|Any CPU
		{7297720D-A206-4955-BCDF-838E106022D4}.Release|x64.ActiveCfg = Release|Any CPU
		{7297720D-A206-4955-BCDF-838E106022D4}.Release|x64.Build.0 = Release|Any CPU
		{7297720D-A206-4955-BCDF-838E106022D4}.Release|x86.ActiveCfg = Release|Any CPU
		{7297720D-A206-4955-BCDF-838E106022D4}.Release|x86.Build.0 = Release|Any CPU
		{3A390B99-B401-47E7-9547-FAA37B313B27}.Debug|Any CPU.ActiveCfg = Debug|Any CPU
		{3A390B99-B401-47E7-9547-FAA37B313B27}.Debug|Any CPU.Build.0 = Debug|Any CPU
		{3A390B99-B401-47E7-9547-FAA37B313B27}.Debug|ARM.ActiveCfg = Debug|Any CPU
		{3A390B99-B401-47E7-9547-FAA37B313B27}.Debug|ARM.Build.0 = Debug|Any CPU
		{3A390B99-B401-47E7-9547-FAA37B313B27}.Debug|x64.ActiveCfg = Debug|Any CPU
		{3A390B99-B401-47E7-9547-FAA37B313B27}.Debug|x64.Build.0 = Debug|Any CPU
		{3A390B99-B401-47E7-9547-FAA37B313B27}.Debug|x86.ActiveCfg = Debug|Any CPU
		{3A390B99-B401-47E7-9547-FAA37B313B27}.Debug|x86.Build.0 = Debug|Any CPU
		{3A390B99-B401-47E7-9547-FAA37B313B27}.Release|Any CPU.ActiveCfg = Release|Any CPU
		{3A390B99-B401-47E7-9547-FAA37B313B27}.Release|Any CPU.Build.0 = Release|Any CPU
		{3A390B99-B401-47E7-9547-FAA37B313B27}.Release|ARM.ActiveCfg = Release|Any CPU
		{3A390B99-B401-47E7-9547-FAA37B313B27}.Release|ARM.Build.0 = Release|Any CPU
		{3A390B99-B401-47E7-9547-FAA37B313B27}.Release|x64.ActiveCfg = Release|Any CPU
		{3A390B99-B401-47E7-9547-FAA37B313B27}.Release|x64.Build.0 = Release|Any CPU
		{3A390B99-B401-47E7-9547-FAA37B313B27}.Release|x86.ActiveCfg = Release|Any CPU
		{3A390B99-B401-47E7-9547-FAA37B313B27}.Release|x86.Build.0 = Release|Any CPU
	EndGlobalSection
	GlobalSection(SolutionProperties) = preSolution
		HideSolutionNode = FALSE
	EndGlobalSection
EndGlobal
